
Microsoft Visual Studio Solution File, Format Version 12.00
# Visual Studio Version 17
VisualStudioVersion = 17.14.36705.20
MinimumVisualStudioVersion = 10.0.40219.1
Project("{FAE04EC0-301F-11D3-BF4B-00C04F79EFBC}") = "MToGo.Website", "src\MToGo.Website\MToGo.Website.csproj", "{E5E416E4-7D0E-4D38-B65C-C0C8A4DEF85F}"
EndProject
Project("{FAE04EC0-301F-11D3-BF4B-00C04F79EFBC}") = "MToGo.Website.Tests", "tests\MToGo.Website.Tests\MToGo.Website.Tests.csproj", "{9D95E532-7E70-41CA-95E7-B0491B5716B2}"
EndProject
Project("{FAE04EC0-301F-11D3-BF4B-00C04F79EFBC}") = "MToGo.OrderService", "src\MToGo.OrderService\MToGo.OrderService.csproj", "{C3F82727-9EF9-4DCC-9566-1CB67EA0C10C}"
EndProject
Project("{FAE04EC0-301F-11D3-BF4B-00C04F79EFBC}") = "MToGo.OrderService.Tests", "tests\MToGo.OrderService.Tests\MToGo.OrderService.Tests.csproj", "{23913965-3B5E-4CF4-93B0-F83F3A48C95D}"
EndProject
Project("{FAE04EC0-301F-11D3-BF4B-00C04F79EFBC}") = "MToGo.CustomerService", "src\MToGo.CustomerService\MToGo.CustomerService.csproj", "{C2941A5E-0E61-420C-A66D-6D3C90B159AA}"
EndProject
Project("{FAE04EC0-301F-11D3-BF4B-00C04F79EFBC}") = "MToGo.CustomerService.Tests", "tests\MToGo.CustomerService.Tests\MToGo.CustomerService.Tests.csproj", "{80096010-41BB-9335-86BF-E61D20C2A08C}"
EndProject
Project("{FAE04EC0-301F-11D3-BF4B-00C04F79EFBC}") = "MToGo.AgentService", "src\MToGo.AgentService\MToGo.AgentService.csproj", "{DB5887EF-4921-48E3-B58A-19B75E45A882}"
EndProject
Project("{FAE04EC0-301F-11D3-BF4B-00C04F79EFBC}") = "MToGo.AgentService.Tests", "tests\MToGo.AgentService.Tests\MToGo.AgentService.Tests.csproj", "{37E4E6BC-B174-4941-9537-29E7D1B7CDE9}"
EndProject
Project("{FAE04EC0-301F-11D3-BF4B-00C04F79EFBC}") = "MToGo.AgentBonusService", "src\MToGo.AgentBonusService\MToGo.AgentBonusService.csproj", "{4D1B15B9-1A48-479F-906E-DEEDECB990EF}"
EndProject
Project("{FAE04EC0-301F-11D3-BF4B-00C04F79EFBC}") = "MToGo.AgentBonusService.Tests", "tests\MToGo.AgentBonusService.Tests\MToGo.AgentBonusService.Tests.csproj", "{BA512DAD-000A-4A23-9AB4-721E25AACDB1}"
EndProject
Project("{FAE04EC0-301F-11D3-BF4B-00C04F79EFBC}") = "MToGo.FeedbackHubService", "src\MToGo.FeedbackHubService\MToGo.FeedbackHubService.csproj", "{5145F56A-23A4-42F0-A94F-77F5F40BBFD5}"
EndProject
Project("{FAE04EC0-301F-11D3-BF4B-00C04F79EFBC}") = "MToGo.FeedbackHubService.Tests", "tests\MToGo.FeedbackHubService.Tests\MToGo.FeedbackHubService.Tests.csproj", "{CD04669B-130E-4C54-9178-2D819A671479}"
EndProject
Project("{FAE04EC0-301F-11D3-BF4B-00C04F79EFBC}") = "MToGo.NotificationService", "src\MToGo.NotificationService\MToGo.NotificationService.csproj", "{333D8ADE-761C-4A42-8B49-E202CCDC873C}"
EndProject
Project("{FAE04EC0-301F-11D3-BF4B-00C04F79EFBC}") = "MToGo.NotificationService.Tests", "tests\MToGo.NotificationService.Tests\MToGo.NotificationService.Tests.csproj", "{5215B6BD-4E5E-4497-830C-85BC53B76D9A}"
EndProject
Project("{FAE04EC0-301F-11D3-BF4B-00C04F79EFBC}") = "MToGo.PartnerService", "src\MToGo.PartnerService\MToGo.PartnerService.csproj", "{C874E9C1-C75B-4C9D-ACBE-F78FA5A637ED}"
EndProject
Project("{FAE04EC0-301F-11D3-BF4B-00C04F79EFBC}") = "MToGo.PartnerService.Tests", "tests\MToGo.PartnerService.Tests\MToGo.PartnerService.Tests.csproj", "{A0622E3A-7CA1-477A-9961-178FC4DC5A47}"
EndProject
Project("{FAE04EC0-301F-11D3-BF4B-00C04F79EFBC}") = "MToGo.WebSocketAgentService", "src\MToGo.WebSocketAgentService\MToGo.WebSocketAgentService.csproj", "{363850BA-3039-48B4-A42E-FC85ABA03264}"
EndProject
Project("{FAE04EC0-301F-11D3-BF4B-00C04F79EFBC}") = "MToGo.WebSocketAgentService.Tests", "tests\MToGo.WebSocketAgentService.Tests\MToGo.WebSocketAgentService.Tests.csproj", "{39886F79-B68E-4C7E-B55A-F5849B044C7A}"
EndProject
Project("{FAE04EC0-301F-11D3-BF4B-00C04F79EFBC}") = "MToGo.WebSocketCustomerService", "src\MToGo.WebSocketCustomerService\MToGo.WebSocketCustomerService.csproj", "{3871BE01-64AD-4F48-BAD3-296D5A487270}"
EndProject
Project("{FAE04EC0-301F-11D3-BF4B-00C04F79EFBC}") = "MToGo.WebSocketCustomerService.Tests", "tests\MToGo.WebSocketCustomerService.Tests\MToGo.WebSocketCustomerService.Tests.csproj", "{DE4963FD-B431-40BC-B516-EACD98A9A747}"
EndProject
Project("{FAE04EC0-301F-11D3-BF4B-00C04F79EFBC}") = "MToGo.WebSocketPartnerService", "src\MToGo.WebSocketPartnerService\MToGo.WebSocketPartnerService.csproj", "{A28FBE79-6D23-4991-903D-B6CC13C2C3F3}"
EndProject
Project("{FAE04EC0-301F-11D3-BF4B-00C04F79EFBC}") = "MToGo.WebSocketPartnerService.Tests", "tests\MToGo.WebSocketPartnerService.Tests\MToGo.WebSocketPartnerService.Tests.csproj", "{311EF949-B0D4-4DCF-AA5E-CD7ED5D41EB8}"
EndProject
Project("{FAE04EC0-301F-11D3-BF4B-00C04F79EFBC}") = "MToGo.Shared", "src\MToGo.Shared\MToGo.Shared.csproj", "{83DE2725-2480-4431-A4A2-A2D9D4A000BB}"
EndProject
Project("{FAE04EC0-301F-11D3-BF4B-00C04F79EFBC}") = "MToGo.Gateway", "src\MToGo.Gateway\MToGo.Gateway.csproj", "{05AB6A10-BAF4-4AA1-B392-79AEB539D750}"
EndProject
Project("{FAE04EC0-301F-11D3-BF4B-00C04F79EFBC}") = "MToGo.Testing", "tests\MToGo.Testing\MToGo.Testing.csproj", "{2C6335FB-8227-4F62-A326-FE9878AEFA2C}"
EndProject
Project("{FAE04EC0-301F-11D3-BF4B-00C04F79EFBC}") = "MToGo.ManagementService", "src\MToGo.ManagementService\MToGo.ManagementService.csproj", "{D1D1BA4D-F7F6-E65C-DAA9-B79219690913}"
EndProject
Project("{FAE04EC0-301F-11D3-BF4B-00C04F79EFBC}") = "MToGo.ManagementService.Tests", "tests\MToGo.ManagementService.Tests\MToGo.ManagementService.Tests.csproj", "{94085252-F99E-C2FC-FA39-398E72D24936}"
EndProject
Project("{2150E333-8FDC-42A3-9474-1A3956D46DE8}") = "tests", "tests", "{0AB3BF05-4346-4AA6-1389-037BE0695223}"
EndProject
Project("{FAE04EC0-301F-11D3-BF4B-00C04F79EFBC}") = "MToGo.Gateway.Tests", "tests\MToGo.Gateway.Tests\MToGo.Gateway.Tests.csproj", "{957F870C-9F9A-47DF-92C8-0343A5A4373C}"
EndProject
Project("{FAE04EC0-301F-11D3-BF4B-00C04F79EFBC}") = "MToGo.LogCollectorService", "src\MToGo.LogCollectorService\MToGo.LogCollectorService.csproj", "{E8C7B5A1-2F3D-4E5C-A6B9-8D0F1E2C3A4B}"
EndProject
Project("{FAE04EC0-301F-11D3-BF4B-00C04F79EFBC}") = "MToGo.E2E.Tests", "tests\MToGo.E2E.Tests\MToGo.E2E.Tests.csproj", "{982FAA1E-6CC6-4F4F-A51E-71A8B42C4DF2}"
EndProject
Project("{FAE04EC0-301F-11D3-BF4B-00C04F79EFBC}") = "MToGo.Integration.Tests", "tests\MToGo.Integration.Tests\MToGo.Integration.Tests.csproj", "{7C84F8CE-16F3-4844-B7A5-2876E0E9314E}"
EndProject
Project("{FAE04EC0-301F-11D3-BF4B-00C04F79EFBC}") = "MToGo.Performance.Tests", "tests\MToGo.Performance.Tests\MToGo.Performance.Tests.csproj", "{BE95F3B0-D987-4352-A50F-56D4FD366BAC}"
EndProject
Global
	GlobalSection(SolutionConfigurationPlatforms) = preSolution
		Debug|Any CPU = Debug|Any CPU
		Debug|x64 = Debug|x64
		Debug|x86 = Debug|x86
		Release|Any CPU = Release|Any CPU
		Release|x64 = Release|x64
		Release|x86 = Release|x86
	EndGlobalSection
	GlobalSection(ProjectConfigurationPlatforms) = postSolution
		{E5E416E4-7D0E-4D38-B65C-C0C8A4DEF85F}.Debug|Any CPU.ActiveCfg = Debug|Any CPU
		{E5E416E4-7D0E-4D38-B65C-C0C8A4DEF85F}.Debug|Any CPU.Build.0 = Debug|Any CPU
		{E5E416E4-7D0E-4D38-B65C-C0C8A4DEF85F}.Debug|x64.ActiveCfg = Debug|Any CPU
		{E5E416E4-7D0E-4D38-B65C-C0C8A4DEF85F}.Debug|x64.Build.0 = Debug|Any CPU
		{E5E416E4-7D0E-4D38-B65C-C0C8A4DEF85F}.Debug|x86.ActiveCfg = Debug|Any CPU
		{E5E416E4-7D0E-4D38-B65C-C0C8A4DEF85F}.Debug|x86.Build.0 = Debug|Any CPU
		{E5E416E4-7D0E-4D38-B65C-C0C8A4DEF85F}.Release|Any CPU.ActiveCfg = Release|Any CPU
		{E5E416E4-7D0E-4D38-B65C-C0C8A4DEF85F}.Release|Any CPU.Build.0 = Release|Any CPU
		{E5E416E4-7D0E-4D38-B65C-C0C8A4DEF85F}.Release|x64.ActiveCfg = Release|Any CPU
		{E5E416E4-7D0E-4D38-B65C-C0C8A4DEF85F}.Release|x64.Build.0 = Release|Any CPU
		{E5E416E4-7D0E-4D38-B65C-C0C8A4DEF85F}.Release|x86.ActiveCfg = Release|Any CPU
		{E5E416E4-7D0E-4D38-B65C-C0C8A4DEF85F}.Release|x86.Build.0 = Release|Any CPU
		{9D95E532-7E70-41CA-95E7-B0491B5716B2}.Debug|Any CPU.ActiveCfg = Debug|Any CPU
		{9D95E532-7E70-41CA-95E7-B0491B5716B2}.Debug|Any CPU.Build.0 = Debug|Any CPU
		{9D95E532-7E70-41CA-95E7-B0491B5716B2}.Debug|x64.ActiveCfg = Debug|Any CPU
		{9D95E532-7E70-41CA-95E7-B0491B5716B2}.Debug|x64.Build.0 = Debug|Any CPU
		{9D95E532-7E70-41CA-95E7-B0491B5716B2}.Debug|x86.ActiveCfg = Debug|Any CPU
		{9D95E532-7E70-41CA-95E7-B0491B5716B2}.Debug|x86.Build.0 = Debug|Any CPU
		{9D95E532-7E70-41CA-95E7-B0491B5716B2}.Release|Any CPU.ActiveCfg = Release|Any CPU
		{9D95E532-7E70-41CA-95E7-B0491B5716B2}.Release|Any CPU.Build.0 = Release|Any CPU
		{9D95E532-7E70-41CA-95E7-B0491B5716B2}.Release|x64.ActiveCfg = Release|Any CPU
		{9D95E532-7E70-41CA-95E7-B0491B5716B2}.Release|x64.Build.0 = Release|Any CPU
		{9D95E532-7E70-41CA-95E7-B0491B5716B2}.Release|x86.ActiveCfg = Release|Any CPU
		{9D95E532-7E70-41CA-95E7-B0491B5716B2}.Release|x86.Build.0 = Release|Any CPU
		{C3F82727-9EF9-4DCC-9566-1CB67EA0C10C}.Debug|Any CPU.ActiveCfg = Debug|Any CPU
		{C3F82727-9EF9-4DCC-9566-1CB67EA0C10C}.Debug|Any CPU.Build.0 = Debug|Any CPU
		{C3F82727-9EF9-4DCC-9566-1CB67EA0C10C}.Debug|x64.ActiveCfg = Debug|Any CPU
		{C3F82727-9EF9-4DCC-9566-1CB67EA0C10C}.Debug|x64.Build.0 = Debug|Any CPU
		{C3F82727-9EF9-4DCC-9566-1CB67EA0C10C}.Debug|x86.ActiveCfg = Debug|Any CPU
		{C3F82727-9EF9-4DCC-9566-1CB67EA0C10C}.Debug|x86.Build.0 = Debug|Any CPU
		{C3F82727-9EF9-4DCC-9566-1CB67EA0C10C}.Release|Any CPU.ActiveCfg = Release|Any CPU
		{C3F82727-9EF9-4DCC-9566-1CB67EA0C10C}.Release|Any CPU.Build.0 = Release|Any CPU
		{C3F82727-9EF9-4DCC-9566-1CB67EA0C10C}.Release|x64.ActiveCfg = Release|Any CPU
		{C3F82727-9EF9-4DCC-9566-1CB67EA0C10C}.Release|x64.Build.0 = Release|Any CPU
		{C3F82727-9EF9-4DCC-9566-1CB67EA0C10C}.Release|x86.ActiveCfg = Release|Any CPU
		{C3F82727-9EF9-4DCC-9566-1CB67EA0C10C}.Release|x86.Build.0 = Release|Any CPU
		{23913965-3B5E-4CF4-93B0-F83F3A48C95D}.Debug|Any CPU.ActiveCfg = Debug|Any CPU
		{23913965-3B5E-4CF4-93B0-F83F3A48C95D}.Debug|Any CPU.Build.0 = Debug|Any CPU
		{23913965-3B5E-4CF4-93B0-F83F3A48C95D}.Debug|x64.ActiveCfg = Debug|Any CPU
		{23913965-3B5E-4CF4-93B0-F83F3A48C95D}.Debug|x64.Build.0 = Debug|Any CPU
		{23913965-3B5E-4CF4-93B0-F83F3A48C95D}.Debug|x86.ActiveCfg = Debug|Any CPU
		{23913965-3B5E-4CF4-93B0-F83F3A48C95D}.Debug|x86.Build.0 = Debug|Any CPU
		{23913965-3B5E-4CF4-93B0-F83F3A48C95D}.Release|Any CPU.ActiveCfg = Release|Any CPU
		{23913965-3B5E-4CF4-93B0-F83F3A48C95D}.Release|Any CPU.Build.0 = Release|Any CPU
		{23913965-3B5E-4CF4-93B0-F83F3A48C95D}.Release|x64.ActiveCfg = Release|Any CPU
		{23913965-3B5E-4CF4-93B0-F83F3A48C95D}.Release|x64.Build.0 = Release|Any CPU
		{23913965-3B5E-4CF4-93B0-F83F3A48C95D}.Release|x86.ActiveCfg = Release|Any CPU
		{23913965-3B5E-4CF4-93B0-F83F3A48C95D}.Release|x86.Build.0 = Release|Any CPU
		{C2941A5E-0E61-420C-A66D-6D3C90B159AA}.Debug|Any CPU.ActiveCfg = Debug|Any CPU
		{C2941A5E-0E61-420C-A66D-6D3C90B159AA}.Debug|Any CPU.Build.0 = Debug|Any CPU
		{C2941A5E-0E61-420C-A66D-6D3C90B159AA}.Debug|x64.ActiveCfg = Debug|Any CPU
		{C2941A5E-0E61-420C-A66D-6D3C90B159AA}.Debug|x64.Build.0 = Debug|Any CPU
		{C2941A5E-0E61-420C-A66D-6D3C90B159AA}.Debug|x86.ActiveCfg = Debug|Any CPU
		{C2941A5E-0E61-420C-A66D-6D3C90B159AA}.Debug|x86.Build.0 = Debug|Any CPU
		{C2941A5E-0E61-420C-A66D-6D3C90B159AA}.Release|Any CPU.ActiveCfg = Release|Any CPU
		{C2941A5E-0E61-420C-A66D-6D3C90B159AA}.Release|Any CPU.Build.0 = Release|Any CPU
		{C2941A5E-0E61-420C-A66D-6D3C90B159AA}.Release|x64.ActiveCfg = Release|Any CPU
		{C2941A5E-0E61-420C-A66D-6D3C90B159AA}.Release|x64.Build.0 = Release|Any CPU
		{C2941A5E-0E61-420C-A66D-6D3C90B159AA}.Release|x86.ActiveCfg = Release|Any CPU
		{C2941A5E-0E61-420C-A66D-6D3C90B159AA}.Release|x86.Build.0 = Release|Any CPU
		{80096010-41BB-9335-86BF-E61D20C2A08C}.Debug|Any CPU.ActiveCfg = Debug|Any CPU
		{80096010-41BB-9335-86BF-E61D20C2A08C}.Debug|Any CPU.Build.0 = Debug|Any CPU
		{80096010-41BB-9335-86BF-E61D20C2A08C}.Debug|x64.ActiveCfg = Debug|Any CPU
		{80096010-41BB-9335-86BF-E61D20C2A08C}.Debug|x64.Build.0 = Debug|Any CPU
		{80096010-41BB-9335-86BF-E61D20C2A08C}.Debug|x86.ActiveCfg = Debug|Any CPU
		{80096010-41BB-9335-86BF-E61D20C2A08C}.Debug|x86.Build.0 = Debug|Any CPU
		{80096010-41BB-9335-86BF-E61D20C2A08C}.Release|Any CPU.ActiveCfg = Release|Any CPU
		{80096010-41BB-9335-86BF-E61D20C2A08C}.Release|Any CPU.Build.0 = Release|Any CPU
		{80096010-41BB-9335-86BF-E61D20C2A08C}.Release|x64.ActiveCfg = Release|Any CPU
		{80096010-41BB-9335-86BF-E61D20C2A08C}.Release|x64.Build.0 = Release|Any CPU
		{80096010-41BB-9335-86BF-E61D20C2A08C}.Release|x86.ActiveCfg = Release|Any CPU
		{80096010-41BB-9335-86BF-E61D20C2A08C}.Release|x86.Build.0 = Release|Any CPU
		{DB5887EF-4921-48E3-B58A-19B75E45A882}.Debug|Any CPU.ActiveCfg = Debug|Any CPU
		{DB5887EF-4921-48E3-B58A-19B75E45A882}.Debug|Any CPU.Build.0 = Debug|Any CPU
		{DB5887EF-4921-48E3-B58A-19B75E45A882}.Debug|x64.ActiveCfg = Debug|Any CPU
		{DB5887EF-4921-48E3-B58A-19B75E45A882}.Debug|x64.Build.0 = Debug|Any CPU
		{DB5887EF-4921-48E3-B58A-19B75E45A882}.Debug|x86.ActiveCfg = Debug|Any CPU
		{DB5887EF-4921-48E3-B58A-19B75E45A882}.Debug|x86.Build.0 = Debug|Any CPU
		{DB5887EF-4921-48E3-B58A-19B75E45A882}.Release|Any CPU.ActiveCfg = Release|Any CPU
		{DB5887EF-4921-48E3-B58A-19B75E45A882}.Release|Any CPU.Build.0 = Release|Any CPU
		{DB5887EF-4921-48E3-B58A-19B75E45A882}.Release|x64.ActiveCfg = Release|Any CPU
		{DB5887EF-4921-48E3-B58A-19B75E45A882}.Release|x64.Build.0 = Release|Any CPU
		{DB5887EF-4921-48E3-B58A-19B75E45A882}.Release|x86.ActiveCfg = Release|Any CPU
		{DB5887EF-4921-48E3-B58A-19B75E45A882}.Release|x86.Build.0 = Release|Any CPU
		{37E4E6BC-B174-4941-9537-29E7D1B7CDE9}.Debug|Any CPU.ActiveCfg = Debug|Any CPU
		{37E4E6BC-B174-4941-9537-29E7D1B7CDE9}.Debug|Any CPU.Build.0 = Debug|Any CPU
		{37E4E6BC-B174-4941-9537-29E7D1B7CDE9}.Debug|x64.ActiveCfg = Debug|Any CPU
		{37E4E6BC-B174-4941-9537-29E7D1B7CDE9}.Debug|x64.Build.0 = Debug|Any CPU
		{37E4E6BC-B174-4941-9537-29E7D1B7CDE9}.Debug|x86.ActiveCfg = Debug|Any CPU
		{37E4E6BC-B174-4941-9537-29E7D1B7CDE9}.Debug|x86.Build.0 = Debug|Any CPU
		{37E4E6BC-B174-4941-9537-29E7D1B7CDE9}.Release|Any CPU.ActiveCfg = Release|Any CPU
		{37E4E6BC-B174-4941-9537-29E7D1B7CDE9}.Release|Any CPU.Build.0 = Release|Any CPU
		{37E4E6BC-B174-4941-9537-29E7D1B7CDE9}.Release|x64.ActiveCfg = Release|Any CPU
		{37E4E6BC-B174-4941-9537-29E7D1B7CDE9}.Release|x64.Build.0 = Release|Any CPU
		{37E4E6BC-B174-4941-9537-29E7D1B7CDE9}.Release|x86.ActiveCfg = Release|Any CPU
		{37E4E6BC-B174-4941-9537-29E7D1B7CDE9}.Release|x86.Build.0 = Release|Any CPU
		{4D1B15B9-1A48-479F-906E-DEEDECB990EF}.Debug|Any CPU.ActiveCfg = Debug|Any CPU
		{4D1B15B9-1A48-479F-906E-DEEDECB990EF}.Debug|Any CPU.Build.0 = Debug|Any CPU
		{4D1B15B9-1A48-479F-906E-DEEDECB990EF}.Debug|x64.ActiveCfg = Debug|Any CPU
		{4D1B15B9-1A48-479F-906E-DEEDECB990EF}.Debug|x64.Build.0 = Debug|Any CPU
		{4D1B15B9-1A48-479F-906E-DEEDECB990EF}.Debug|x86.ActiveCfg = Debug|Any CPU
		{4D1B15B9-1A48-479F-906E-DEEDECB990EF}.Debug|x86.Build.0 = Debug|Any CPU
		{4D1B15B9-1A48-479F-906E-DEEDECB990EF}.Release|Any CPU.ActiveCfg = Release|Any CPU
		{4D1B15B9-1A48-479F-906E-DEEDECB990EF}.Release|Any CPU.Build.0 = Release|Any CPU
		{4D1B15B9-1A48-479F-906E-DEEDECB990EF}.Release|x64.ActiveCfg = Release|Any CPU
		{4D1B15B9-1A48-479F-906E-DEEDECB990EF}.Release|x64.Build.0 = Release|Any CPU
		{4D1B15B9-1A48-479F-906E-DEEDECB990EF}.Release|x86.ActiveCfg = Release|Any CPU
		{4D1B15B9-1A48-479F-906E-DEEDECB990EF}.Release|x86.Build.0 = Release|Any CPU
		{BA512DAD-000A-4A23-9AB4-721E25AACDB1}.Debug|Any CPU.ActiveCfg = Debug|Any CPU
		{BA512DAD-000A-4A23-9AB4-721E25AACDB1}.Debug|Any CPU.Build.0 = Debug|Any CPU
		{BA512DAD-000A-4A23-9AB4-721E25AACDB1}.Debug|x64.ActiveCfg = Debug|Any CPU
		{BA512DAD-000A-4A23-9AB4-721E25AACDB1}.Debug|x64.Build.0 = Debug|Any CPU
		{BA512DAD-000A-4A23-9AB4-721E25AACDB1}.Debug|x86.ActiveCfg = Debug|Any CPU
		{BA512DAD-000A-4A23-9AB4-721E25AACDB1}.Debug|x86.Build.0 = Debug|Any CPU
		{BA512DAD-000A-4A23-9AB4-721E25AACDB1}.Release|Any CPU.ActiveCfg = Release|Any CPU
		{BA512DAD-000A-4A23-9AB4-721E25AACDB1}.Release|Any CPU.Build.0 = Release|Any CPU
		{BA512DAD-000A-4A23-9AB4-721E25AACDB1}.Release|x64.ActiveCfg = Release|Any CPU
		{BA512DAD-000A-4A23-9AB4-721E25AACDB1}.Release|x64.Build.0 = Release|Any CPU
		{BA512DAD-000A-4A23-9AB4-721E25AACDB1}.Release|x86.ActiveCfg = Release|Any CPU
		{BA512DAD-000A-4A23-9AB4-721E25AACDB1}.Release|x86.Build.0 = Release|Any CPU
		{5145F56A-23A4-42F0-A94F-77F5F40BBFD5}.Debug|Any CPU.ActiveCfg = Debug|Any CPU
		{5145F56A-23A4-42F0-A94F-77F5F40BBFD5}.Debug|Any CPU.Build.0 = Debug|Any CPU
		{5145F56A-23A4-42F0-A94F-77F5F40BBFD5}.Debug|x64.ActiveCfg = Debug|Any CPU
		{5145F56A-23A4-42F0-A94F-77F5F40BBFD5}.Debug|x64.Build.0 = Debug|Any CPU
		{5145F56A-23A4-42F0-A94F-77F5F40BBFD5}.Debug|x86.ActiveCfg = Debug|Any CPU
		{5145F56A-23A4-42F0-A94F-77F5F40BBFD5}.Debug|x86.Build.0 = Debug|Any CPU
		{5145F56A-23A4-42F0-A94F-77F5F40BBFD5}.Release|Any CPU.ActiveCfg = Release|Any CPU
		{5145F56A-23A4-42F0-A94F-77F5F40BBFD5}.Release|Any CPU.Build.0 = Release|Any CPU
		{5145F56A-23A4-42F0-A94F-77F5F40BBFD5}.Release|x64.ActiveCfg = Release|Any CPU
		{5145F56A-23A4-42F0-A94F-77F5F40BBFD5}.Release|x64.Build.0 = Release|Any CPU
		{5145F56A-23A4-42F0-A94F-77F5F40BBFD5}.Release|x86.ActiveCfg = Release|Any CPU
		{5145F56A-23A4-42F0-A94F-77F5F40BBFD5}.Release|x86.Build.0 = Release|Any CPU
		{CD04669B-130E-4C54-9178-2D819A671479}.Debug|Any CPU.ActiveCfg = Debug|Any CPU
		{CD04669B-130E-4C54-9178-2D819A671479}.Debug|Any CPU.Build.0 = Debug|Any CPU
		{CD04669B-130E-4C54-9178-2D819A671479}.Debug|x64.ActiveCfg = Debug|Any CPU
		{CD04669B-130E-4C54-9178-2D819A671479}.Debug|x64.Build.0 = Debug|Any CPU
		{CD04669B-130E-4C54-9178-2D819A671479}.Debug|x86.ActiveCfg = Debug|Any CPU
		{CD04669B-130E-4C54-9178-2D819A671479}.Debug|x86.Build.0 = Debug|Any CPU
		{CD04669B-130E-4C54-9178-2D819A671479}.Release|Any CPU.ActiveCfg = Release|Any CPU
		{CD04669B-130E-4C54-9178-2D819A671479}.Release|Any CPU.Build.0 = Release|Any CPU
		{CD04669B-130E-4C54-9178-2D819A671479}.Release|x64.ActiveCfg = Release|Any CPU
		{CD04669B-130E-4C54-9178-2D819A671479}.Release|x64.Build.0 = Release|Any CPU
		{CD04669B-130E-4C54-9178-2D819A671479}.Release|x86.ActiveCfg = Release|Any CPU
		{CD04669B-130E-4C54-9178-2D819A671479}.Release|x86.Build.0 = Release|Any CPU
		{333D8ADE-761C-4A42-8B49-E202CCDC873C}.Debug|Any CPU.ActiveCfg = Debug|Any CPU
		{333D8ADE-761C-4A42-8B49-E202CCDC873C}.Debug|Any CPU.Build.0 = Debug|Any CPU
		{333D8ADE-761C-4A42-8B49-E202CCDC873C}.Debug|x64.ActiveCfg = Debug|Any CPU
		{333D8ADE-761C-4A42-8B49-E202CCDC873C}.Debug|x64.Build.0 = Debug|Any CPU
		{333D8ADE-761C-4A42-8B49-E202CCDC873C}.Debug|x86.ActiveCfg = Debug|Any CPU
		{333D8ADE-761C-4A42-8B49-E202CCDC873C}.Debug|x86.Build.0 = Debug|Any CPU
		{333D8ADE-761C-4A42-8B49-E202CCDC873C}.Release|Any CPU.ActiveCfg = Release|Any CPU
		{333D8ADE-761C-4A42-8B49-E202CCDC873C}.Release|Any CPU.Build.0 = Release|Any CPU
		{333D8ADE-761C-4A42-8B49-E202CCDC873C}.Release|x64.ActiveCfg = Release|Any CPU
		{333D8ADE-761C-4A42-8B49-E202CCDC873C}.Release|x64.Build.0 = Release|Any CPU
		{333D8ADE-761C-4A42-8B49-E202CCDC873C}.Release|x86.ActiveCfg = Release|Any CPU
		{333D8ADE-761C-4A42-8B49-E202CCDC873C}.Release|x86.Build.0 = Release|Any CPU
		{5215B6BD-4E5E-4497-830C-85BC53B76D9A}.Debug|Any CPU.ActiveCfg = Debug|Any CPU
		{5215B6BD-4E5E-4497-830C-85BC53B76D9A}.Debug|Any CPU.Build.0 = Debug|Any CPU
		{5215B6BD-4E5E-4497-830C-85BC53B76D9A}.Debug|x64.ActiveCfg = Debug|Any CPU
		{5215B6BD-4E5E-4497-830C-85BC53B76D9A}.Debug|x64.Build.0 = Debug|Any CPU
		{5215B6BD-4E5E-4497-830C-85BC53B76D9A}.Debug|x86.ActiveCfg = Debug|Any CPU
		{5215B6BD-4E5E-4497-830C-85BC53B76D9A}.Debug|x86.Build.0 = Debug|Any CPU
		{5215B6BD-4E5E-4497-830C-85BC53B76D9A}.Release|Any CPU.ActiveCfg = Release|Any CPU
		{5215B6BD-4E5E-4497-830C-85BC53B76D9A}.Release|Any CPU.Build.0 = Release|Any CPU
		{5215B6BD-4E5E-4497-830C-85BC53B76D9A}.Release|x64.ActiveCfg = Release|Any CPU
		{5215B6BD-4E5E-4497-830C-85BC53B76D9A}.Release|x64.Build.0 = Release|Any CPU
		{5215B6BD-4E5E-4497-830C-85BC53B76D9A}.Release|x86.ActiveCfg = Release|Any CPU
		{5215B6BD-4E5E-4497-830C-85BC53B76D9A}.Release|x86.Build.0 = Release|Any CPU
		{C874E9C1-C75B-4C9D-ACBE-F78FA5A637ED}.Debug|Any CPU.ActiveCfg = Debug|Any CPU
		{C874E9C1-C75B-4C9D-ACBE-F78FA5A637ED}.Debug|Any CPU.Build.0 = Debug|Any CPU
		{C874E9C1-C75B-4C9D-ACBE-F78FA5A637ED}.Debug|x64.ActiveCfg = Debug|Any CPU
		{C874E9C1-C75B-4C9D-ACBE-F78FA5A637ED}.Debug|x64.Build.0 = Debug|Any CPU
		{C874E9C1-C75B-4C9D-ACBE-F78FA5A637ED}.Debug|x86.ActiveCfg = Debug|Any CPU
		{C874E9C1-C75B-4C9D-ACBE-F78FA5A637ED}.Debug|x86.Build.0 = Debug|Any CPU
		{C874E9C1-C75B-4C9D-ACBE-F78FA5A637ED}.Release|Any CPU.ActiveCfg = Release|Any CPU
		{C874E9C1-C75B-4C9D-ACBE-F78FA5A637ED}.Release|Any CPU.Build.0 = Release|Any CPU
		{C874E9C1-C75B-4C9D-ACBE-F78FA5A637ED}.Release|x64.ActiveCfg = Release|Any CPU
		{C874E9C1-C75B-4C9D-ACBE-F78FA5A637ED}.Release|x64.Build.0 = Release|Any CPU
		{C874E9C1-C75B-4C9D-ACBE-F78FA5A637ED}.Release|x86.ActiveCfg = Release|Any CPU
		{C874E9C1-C75B-4C9D-ACBE-F78FA5A637ED}.Release|x86.Build.0 = Release|Any CPU
		{A0622E3A-7CA1-477A-9961-178FC4DC5A47}.Debug|Any CPU.ActiveCfg = Debug|Any CPU
		{A0622E3A-7CA1-477A-9961-178FC4DC5A47}.Debug|Any CPU.Build.0 = Debug|Any CPU
		{A0622E3A-7CA1-477A-9961-178FC4DC5A47}.Debug|x64.ActiveCfg = Debug|Any CPU
		{A0622E3A-7CA1-477A-9961-178FC4DC5A47}.Debug|x64.Build.0 = Debug|Any CPU
		{A0622E3A-7CA1-477A-9961-178FC4DC5A47}.Debug|x86.ActiveCfg = Debug|Any CPU
		{A0622E3A-7CA1-477A-9961-178FC4DC5A47}.Debug|x86.Build.0 = Debug|Any CPU
		{A0622E3A-7CA1-477A-9961-178FC4DC5A47}.Release|Any CPU.ActiveCfg = Release|Any CPU
		{A0622E3A-7CA1-477A-9961-178FC4DC5A47}.Release|Any CPU.Build.0 = Release|Any CPU
		{A0622E3A-7CA1-477A-9961-178FC4DC5A47}.Release|x64.ActiveCfg = Release|Any CPU
		{A0622E3A-7CA1-477A-9961-178FC4DC5A47}.Release|x64.Build.0 = Release|Any CPU
		{A0622E3A-7CA1-477A-9961-178FC4DC5A47}.Release|x86.ActiveCfg = Release|Any CPU
		{A0622E3A-7CA1-477A-9961-178FC4DC5A47}.Release|x86.Build.0 = Release|Any CPU
		{363850BA-3039-48B4-A42E-FC85ABA03264}.Debug|Any CPU.ActiveCfg = Debug|Any CPU
		{363850BA-3039-48B4-A42E-FC85ABA03264}.Debug|Any CPU.Build.0 = Debug|Any CPU
		{363850BA-3039-48B4-A42E-FC85ABA03264}.Debug|x64.ActiveCfg = Debug|Any CPU
		{363850BA-3039-48B4-A42E-FC85ABA03264}.Debug|x64.Build.0 = Debug|Any CPU
		{363850BA-3039-48B4-A42E-FC85ABA03264}.Debug|x86.ActiveCfg = Debug|Any CPU
		{363850BA-3039-48B4-A42E-FC85ABA03264}.Debug|x86.Build.0 = Debug|Any CPU
		{363850BA-3039-48B4-A42E-FC85ABA03264}.Release|Any CPU.ActiveCfg = Release|Any CPU
		{363850BA-3039-48B4-A42E-FC85ABA03264}.Release|Any CPU.Build.0 = Release|Any CPU
		{363850BA-3039-48B4-A42E-FC85ABA03264}.Release|x64.ActiveCfg = Release|Any CPU
		{363850BA-3039-48B4-A42E-FC85ABA03264}.Release|x64.Build.0 = Release|Any CPU
		{363850BA-3039-48B4-A42E-FC85ABA03264}.Release|x86.ActiveCfg = Release|Any CPU
		{363850BA-3039-48B4-A42E-FC85ABA03264}.Release|x86.Build.0 = Release|Any CPU
		{39886F79-B68E-4C7E-B55A-F5849B044C7A}.Debug|Any CPU.ActiveCfg = Debug|Any CPU
		{39886F79-B68E-4C7E-B55A-F5849B044C7A}.Debug|Any CPU.Build.0 = Debug|Any CPU
		{39886F79-B68E-4C7E-B55A-F5849B044C7A}.Debug|x64.ActiveCfg = Debug|Any CPU
		{39886F79-B68E-4C7E-B55A-F5849B044C7A}.Debug|x64.Build.0 = Debug|Any CPU
		{39886F79-B68E-4C7E-B55A-F5849B044C7A}.Debug|x86.ActiveCfg = Debug|Any CPU
		{39886F79-B68E-4C7E-B55A-F5849B044C7A}.Debug|x86.Build.0 = Debug|Any CPU
		{39886F79-B68E-4C7E-B55A-F5849B044C7A}.Release|Any CPU.ActiveCfg = Release|Any CPU
		{39886F79-B68E-4C7E-B55A-F5849B044C7A}.Release|Any CPU.Build.0 = Release|Any CPU
		{39886F79-B68E-4C7E-B55A-F5849B044C7A}.Release|x64.ActiveCfg = Release|Any CPU
		{39886F79-B68E-4C7E-B55A-F5849B044C7A}.Release|x64.Build.0 = Release|Any CPU
		{39886F79-B68E-4C7E-B55A-F5849B044C7A}.Release|x86.ActiveCfg = Release|Any CPU
		{39886F79-B68E-4C7E-B55A-F5849B044C7A}.Release|x86.Build.0 = Release|Any CPU
		{3871BE01-64AD-4F48-BAD3-296D5A487270}.Debug|Any CPU.ActiveCfg = Debug|Any CPU
		{3871BE01-64AD-4F48-BAD3-296D5A487270}.Debug|Any CPU.Build.0 = Debug|Any CPU
		{3871BE01-64AD-4F48-BAD3-296D5A487270}.Debug|x64.ActiveCfg = Debug|Any CPU
		{3871BE01-64AD-4F48-BAD3-296D5A487270}.Debug|x64.Build.0 = Debug|Any CPU
		{3871BE01-64AD-4F48-BAD3-296D5A487270}.Debug|x86.ActiveCfg = Debug|Any CPU
		{3871BE01-64AD-4F48-BAD3-296D5A487270}.Debug|x86.Build.0 = Debug|Any CPU
		{3871BE01-64AD-4F48-BAD3-296D5A487270}.Release|Any CPU.ActiveCfg = Release|Any CPU
		{3871BE01-64AD-4F48-BAD3-296D5A487270}.Release|Any CPU.Build.0 = Release|Any CPU
		{3871BE01-64AD-4F48-BAD3-296D5A487270}.Release|x64.ActiveCfg = Release|Any CPU
		{3871BE01-64AD-4F48-BAD3-296D5A487270}.Release|x64.Build.0 = Release|Any CPU
		{3871BE01-64AD-4F48-BAD3-296D5A487270}.Release|x86.ActiveCfg = Release|Any CPU
		{3871BE01-64AD-4F48-BAD3-296D5A487270}.Release|x86.Build.0 = Release|Any CPU
		{DE4963FD-B431-40BC-B516-EACD98A9A747}.Debug|Any CPU.ActiveCfg = Debug|Any CPU
		{DE4963FD-B431-40BC-B516-EACD98A9A747}.Debug|Any CPU.Build.0 = Debug|Any CPU
		{DE4963FD-B431-40BC-B516-EACD98A9A747}.Debug|x64.ActiveCfg = Debug|Any CPU
		{DE4963FD-B431-40BC-B516-EACD98A9A747}.Debug|x64.Build.0 = Debug|Any CPU
		{DE4963FD-B431-40BC-B516-EACD98A9A747}.Debug|x86.ActiveCfg = Debug|Any CPU
		{DE4963FD-B431-40BC-B516-EACD98A9A747}.Debug|x86.Build.0 = Debug|Any CPU
		{DE4963FD-B431-40BC-B516-EACD98A9A747}.Release|Any CPU.ActiveCfg = Release|Any CPU
		{DE4963FD-B431-40BC-B516-EACD98A9A747}.Release|Any CPU.Build.0 = Release|Any CPU
		{DE4963FD-B431-40BC-B516-EACD98A9A747}.Release|x64.ActiveCfg = Release|Any CPU
		{DE4963FD-B431-40BC-B516-EACD98A9A747}.Release|x64.Build.0 = Release|Any CPU
		{DE4963FD-B431-40BC-B516-EACD98A9A747}.Release|x86.ActiveCfg = Release|Any CPU
		{DE4963FD-B431-40BC-B516-EACD98A9A747}.Release|x86.Build.0 = Release|Any CPU
		{A28FBE79-6D23-4991-903D-B6CC13C2C3F3}.Debug|Any CPU.ActiveCfg = Debug|Any CPU
		{A28FBE79-6D23-4991-903D-B6CC13C2C3F3}.Debug|Any CPU.Build.0 = Debug|Any CPU
		{A28FBE79-6D23-4991-903D-B6CC13C2C3F3}.Debug|x64.ActiveCfg = Debug|Any CPU
		{A28FBE79-6D23-4991-903D-B6CC13C2C3F3}.Debug|x64.Build.0 = Debug|Any CPU
		{A28FBE79-6D23-4991-903D-B6CC13C2C3F3}.Debug|x86.ActiveCfg = Debug|Any CPU
		{A28FBE79-6D23-4991-903D-B6CC13C2C3F3}.Debug|x86.Build.0 = Debug|Any CPU
		{A28FBE79-6D23-4991-903D-B6CC13C2C3F3}.Release|Any CPU.ActiveCfg = Release|Any CPU
		{A28FBE79-6D23-4991-903D-B6CC13C2C3F3}.Release|Any CPU.Build.0 = Release|Any CPU
		{A28FBE79-6D23-4991-903D-B6CC13C2C3F3}.Release|x64.ActiveCfg = Release|Any CPU
		{A28FBE79-6D23-4991-903D-B6CC13C2C3F3}.Release|x64.Build.0 = Release|Any CPU
		{A28FBE79-6D23-4991-903D-B6CC13C2C3F3}.Release|x86.ActiveCfg = Release|Any CPU
		{A28FBE79-6D23-4991-903D-B6CC13C2C3F3}.Release|x86.Build.0 = Release|Any CPU
		{311EF949-B0D4-4DCF-AA5E-CD7ED5D41EB8}.Debug|Any CPU.ActiveCfg = Debug|Any CPU
		{311EF949-B0D4-4DCF-AA5E-CD7ED5D41EB8}.Debug|Any CPU.Build.0 = Debug|Any CPU
		{311EF949-B0D4-4DCF-AA5E-CD7ED5D41EB8}.Debug|x64.ActiveCfg = Debug|Any CPU
		{311EF949-B0D4-4DCF-AA5E-CD7ED5D41EB8}.Debug|x64.Build.0 = Debug|Any CPU
		{311EF949-B0D4-4DCF-AA5E-CD7ED5D41EB8}.Debug|x86.ActiveCfg = Debug|Any CPU
		{311EF949-B0D4-4DCF-AA5E-CD7ED5D41EB8}.Debug|x86.Build.0 = Debug|Any CPU
		{311EF949-B0D4-4DCF-AA5E-CD7ED5D41EB8}.Release|Any CPU.ActiveCfg = Release|Any CPU
		{311EF949-B0D4-4DCF-AA5E-CD7ED5D41EB8}.Release|Any CPU.Build.0 = Release|Any CPU
		{311EF949-B0D4-4DCF-AA5E-CD7ED5D41EB8}.Release|x64.ActiveCfg = Release|Any CPU
		{311EF949-B0D4-4DCF-AA5E-CD7ED5D41EB8}.Release|x64.Build.0 = Release|Any CPU
		{311EF949-B0D4-4DCF-AA5E-CD7ED5D41EB8}.Release|x86.ActiveCfg = Release|Any CPU
		{311EF949-B0D4-4DCF-AA5E-CD7ED5D41EB8}.Release|x86.Build.0 = Release|Any CPU
		{83DE2725-2480-4431-A4A2-A2D9D4A000BB}.Debug|Any CPU.ActiveCfg = Debug|Any CPU
		{83DE2725-2480-4431-A4A2-A2D9D4A000BB}.Debug|Any CPU.Build.0 = Debug|Any CPU
		{83DE2725-2480-4431-A4A2-A2D9D4A000BB}.Debug|x64.ActiveCfg = Debug|Any CPU
		{83DE2725-2480-4431-A4A2-A2D9D4A000BB}.Debug|x64.Build.0 = Debug|Any CPU
		{83DE2725-2480-4431-A4A2-A2D9D4A000BB}.Debug|x86.ActiveCfg = Debug|Any CPU
		{83DE2725-2480-4431-A4A2-A2D9D4A000BB}.Debug|x86.Build.0 = Debug|Any CPU
		{83DE2725-2480-4431-A4A2-A2D9D4A000BB}.Release|Any CPU.ActiveCfg = Release|Any CPU
		{83DE2725-2480-4431-A4A2-A2D9D4A000BB}.Release|Any CPU.Build.0 = Release|Any CPU
		{83DE2725-2480-4431-A4A2-A2D9D4A000BB}.Release|x64.ActiveCfg = Release|Any CPU
		{83DE2725-2480-4431-A4A2-A2D9D4A000BB}.Release|x64.Build.0 = Release|Any CPU
		{83DE2725-2480-4431-A4A2-A2D9D4A000BB}.Release|x86.ActiveCfg = Release|Any CPU
		{83DE2725-2480-4431-A4A2-A2D9D4A000BB}.Release|x86.Build.0 = Release|Any CPU
		{05AB6A10-BAF4-4AA1-B392-79AEB539D750}.Debug|Any CPU.ActiveCfg = Debug|Any CPU
		{05AB6A10-BAF4-4AA1-B392-79AEB539D750}.Debug|Any CPU.Build.0 = Debug|Any CPU
		{05AB6A10-BAF4-4AA1-B392-79AEB539D750}.Debug|x64.ActiveCfg = Debug|Any CPU
		{05AB6A10-BAF4-4AA1-B392-79AEB539D750}.Debug|x64.Build.0 = Debug|Any CPU
		{05AB6A10-BAF4-4AA1-B392-79AEB539D750}.Debug|x86.ActiveCfg = Debug|Any CPU
		{05AB6A10-BAF4-4AA1-B392-79AEB539D750}.Debug|x86.Build.0 = Debug|Any CPU
		{05AB6A10-BAF4-4AA1-B392-79AEB539D750}.Release|Any CPU.ActiveCfg = Release|Any CPU
		{05AB6A10-BAF4-4AA1-B392-79AEB539D750}.Release|Any CPU.Build.0 = Release|Any CPU
		{05AB6A10-BAF4-4AA1-B392-79AEB539D750}.Release|x64.ActiveCfg = Release|Any CPU
		{05AB6A10-BAF4-4AA1-B392-79AEB539D750}.Release|x64.Build.0 = Release|Any CPU
		{05AB6A10-BAF4-4AA1-B392-79AEB539D750}.Release|x86.ActiveCfg = Release|Any CPU
		{05AB6A10-BAF4-4AA1-B392-79AEB539D750}.Release|x86.Build.0 = Release|Any CPU
		{2C6335FB-8227-4F62-A326-FE9878AEFA2C}.Debug|Any CPU.ActiveCfg = Debug|Any CPU
		{2C6335FB-8227-4F62-A326-FE9878AEFA2C}.Debug|Any CPU.Build.0 = Debug|Any CPU
		{2C6335FB-8227-4F62-A326-FE9878AEFA2C}.Debug|x64.ActiveCfg = Debug|Any CPU
		{2C6335FB-8227-4F62-A326-FE9878AEFA2C}.Debug|x64.Build.0 = Debug|Any CPU
		{2C6335FB-8227-4F62-A326-FE9878AEFA2C}.Debug|x86.ActiveCfg = Debug|Any CPU
		{2C6335FB-8227-4F62-A326-FE9878AEFA2C}.Debug|x86.Build.0 = Debug|Any CPU
		{2C6335FB-8227-4F62-A326-FE9878AEFA2C}.Release|Any CPU.ActiveCfg = Release|Any CPU
		{2C6335FB-8227-4F62-A326-FE9878AEFA2C}.Release|Any CPU.Build.0 = Release|Any CPU
		{2C6335FB-8227-4F62-A326-FE9878AEFA2C}.Release|x64.ActiveCfg = Release|Any CPU
		{2C6335FB-8227-4F62-A326-FE9878AEFA2C}.Release|x64.Build.0 = Release|Any CPU
		{2C6335FB-8227-4F62-A326-FE9878AEFA2C}.Release|x86.ActiveCfg = Release|Any CPU
		{2C6335FB-8227-4F62-A326-FE9878AEFA2C}.Release|x86.Build.0 = Release|Any CPU
		{D1D1BA4D-F7F6-E65C-DAA9-B79219690913}.Debug|Any CPU.ActiveCfg = Debug|Any CPU
		{D1D1BA4D-F7F6-E65C-DAA9-B79219690913}.Debug|Any CPU.Build.0 = Debug|Any CPU
		{D1D1BA4D-F7F6-E65C-DAA9-B79219690913}.Debug|x64.ActiveCfg = Debug|Any CPU
		{D1D1BA4D-F7F6-E65C-DAA9-B79219690913}.Debug|x64.Build.0 = Debug|Any CPU
		{D1D1BA4D-F7F6-E65C-DAA9-B79219690913}.Debug|x86.ActiveCfg = Debug|Any CPU
		{D1D1BA4D-F7F6-E65C-DAA9-B79219690913}.Debug|x86.Build.0 = Debug|Any CPU
		{D1D1BA4D-F7F6-E65C-DAA9-B79219690913}.Release|Any CPU.ActiveCfg = Release|Any CPU
		{D1D1BA4D-F7F6-E65C-DAA9-B79219690913}.Release|Any CPU.Build.0 = Release|Any CPU
		{D1D1BA4D-F7F6-E65C-DAA9-B79219690913}.Release|x64.ActiveCfg = Release|Any CPU
		{D1D1BA4D-F7F6-E65C-DAA9-B79219690913}.Release|x64.Build.0 = Release|Any CPU
		{D1D1BA4D-F7F6-E65C-DAA9-B79219690913}.Release|x86.ActiveCfg = Release|Any CPU
		{D1D1BA4D-F7F6-E65C-DAA9-B79219690913}.Release|x86.Build.0 = Release|Any CPU
		{94085252-F99E-C2FC-FA39-398E72D24936}.Debug|Any CPU.ActiveCfg = Debug|Any CPU
		{94085252-F99E-C2FC-FA39-398E72D24936}.Debug|Any CPU.Build.0 = Debug|Any CPU
		{94085252-F99E-C2FC-FA39-398E72D24936}.Debug|x64.ActiveCfg = Debug|Any CPU
		{94085252-F99E-C2FC-FA39-398E72D24936}.Debug|x64.Build.0 = Debug|Any CPU
		{94085252-F99E-C2FC-FA39-398E72D24936}.Debug|x86.ActiveCfg = Debug|Any CPU
		{94085252-F99E-C2FC-FA39-398E72D24936}.Debug|x86.Build.0 = Debug|Any CPU
		{94085252-F99E-C2FC-FA39-398E72D24936}.Release|Any CPU.ActiveCfg = Release|Any CPU
		{94085252-F99E-C2FC-FA39-398E72D24936}.Release|Any CPU.Build.0 = Release|Any CPU
		{94085252-F99E-C2FC-FA39-398E72D24936}.Release|x64.ActiveCfg = Release|Any CPU
		{94085252-F99E-C2FC-FA39-398E72D24936}.Release|x64.Build.0 = Release|Any CPU
		{94085252-F99E-C2FC-FA39-398E72D24936}.Release|x86.ActiveCfg = Release|Any CPU
		{94085252-F99E-C2FC-FA39-398E72D24936}.Release|x86.Build.0 = Release|Any CPU
		{957F870C-9F9A-47DF-92C8-0343A5A4373C}.Debug|Any CPU.ActiveCfg = Debug|Any CPU
		{957F870C-9F9A-47DF-92C8-0343A5A4373C}.Debug|Any CPU.Build.0 = Debug|Any CPU
		{957F870C-9F9A-47DF-92C8-0343A5A4373C}.Debug|x64.ActiveCfg = Debug|Any CPU
		{957F870C-9F9A-47DF-92C8-0343A5A4373C}.Debug|x64.Build.0 = Debug|Any CPU
		{957F870C-9F9A-47DF-92C8-0343A5A4373C}.Debug|x86.ActiveCfg = Debug|Any CPU
		{957F870C-9F9A-47DF-92C8-0343A5A4373C}.Debug|x86.Build.0 = Debug|Any CPU
		{957F870C-9F9A-47DF-92C8-0343A5A4373C}.Release|Any CPU.ActiveCfg = Release|Any CPU
		{957F870C-9F9A-47DF-92C8-0343A5A4373C}.Release|Any CPU.Build.0 = Release|Any CPU
		{957F870C-9F9A-47DF-92C8-0343A5A4373C}.Release|x64.ActiveCfg = Release|Any CPU
		{957F870C-9F9A-47DF-92C8-0343A5A4373C}.Release|x64.Build.0 = Release|Any CPU
		{957F870C-9F9A-47DF-92C8-0343A5A4373C}.Release|x86.ActiveCfg = Release|Any CPU
		{957F870C-9F9A-47DF-92C8-0343A5A4373C}.Release|x86.Build.0 = Release|Any CPU
		{982FAA1E-6CC6-4F4F-A51E-71A8B42C4DF2}.Debug|Any CPU.ActiveCfg = Debug|Any CPU
		{982FAA1E-6CC6-4F4F-A51E-71A8B42C4DF2}.Debug|Any CPU.Build.0 = Debug|Any CPU
		{982FAA1E-6CC6-4F4F-A51E-71A8B42C4DF2}.Debug|x64.ActiveCfg = Debug|Any CPU
		{982FAA1E-6CC6-4F4F-A51E-71A8B42C4DF2}.Debug|x64.Build.0 = Debug|Any CPU
		{982FAA1E-6CC6-4F4F-A51E-71A8B42C4DF2}.Debug|x86.ActiveCfg = Debug|Any CPU
		{982FAA1E-6CC6-4F4F-A51E-71A8B42C4DF2}.Debug|x86.Build.0 = Debug|Any CPU
		{982FAA1E-6CC6-4F4F-A51E-71A8B42C4DF2}.Release|Any CPU.ActiveCfg = Release|Any CPU
		{982FAA1E-6CC6-4F4F-A51E-71A8B42C4DF2}.Release|Any CPU.Build.0 = Release|Any CPU
		{982FAA1E-6CC6-4F4F-A51E-71A8B42C4DF2}.Release|x64.ActiveCfg = Release|Any CPU
		{982FAA1E-6CC6-4F4F-A51E-71A8B42C4DF2}.Release|x64.Build.0 = Release|Any CPU
		{982FAA1E-6CC6-4F4F-A51E-71A8B42C4DF2}.Release|x86.ActiveCfg = Release|Any CPU
		{982FAA1E-6CC6-4F4F-A51E-71A8B42C4DF2}.Release|x86.Build.0 = Release|Any CPU
		{7C84F8CE-16F3-4844-B7A5-2876E0E9314E}.Debug|Any CPU.ActiveCfg = Debug|Any CPU
		{7C84F8CE-16F3-4844-B7A5-2876E0E9314E}.Debug|Any CPU.Build.0 = Debug|Any CPU
		{7C84F8CE-16F3-4844-B7A5-2876E0E9314E}.Debug|x64.ActiveCfg = Debug|Any CPU
		{7C84F8CE-16F3-4844-B7A5-2876E0E9314E}.Debug|x64.Build.0 = Debug|Any CPU
		{7C84F8CE-16F3-4844-B7A5-2876E0E9314E}.Debug|x86.ActiveCfg = Debug|Any CPU
		{7C84F8CE-16F3-4844-B7A5-2876E0E9314E}.Debug|x86.Build.0 = Debug|Any CPU
		{7C84F8CE-16F3-4844-B7A5-2876E0E9314E}.Release|Any CPU.ActiveCfg = Release|Any CPU
		{7C84F8CE-16F3-4844-B7A5-2876E0E9314E}.Release|Any CPU.Build.0 = Release|Any CPU
		{7C84F8CE-16F3-4844-B7A5-2876E0E9314E}.Release|x64.ActiveCfg = Release|Any CPU
		{7C84F8CE-16F3-4844-B7A5-2876E0E9314E}.Release|x64.Build.0 = Release|Any CPU
		{7C84F8CE-16F3-4844-B7A5-2876E0E9314E}.Release|x86.ActiveCfg = Release|Any CPU
		{7C84F8CE-16F3-4844-B7A5-2876E0E9314E}.Release|x86.Build.0 = Release|Any CPU
		{BE95F3B0-D987-4352-A50F-56D4FD366BAC}.Debug|Any CPU.ActiveCfg = Debug|Any CPU
		{BE95F3B0-D987-4352-A50F-56D4FD366BAC}.Debug|Any CPU.Build.0 = Debug|Any CPU
		{BE95F3B0-D987-4352-A50F-56D4FD366BAC}.Debug|x64.ActiveCfg = Debug|Any CPU
		{BE95F3B0-D987-4352-A50F-56D4FD366BAC}.Debug|x64.Build.0 = Debug|Any CPU
		{BE95F3B0-D987-4352-A50F-56D4FD366BAC}.Debug|x86.ActiveCfg = Debug|Any CPU
		{BE95F3B0-D987-4352-A50F-56D4FD366BAC}.Debug|x86.Build.0 = Debug|Any CPU
		{BE95F3B0-D987-4352-A50F-56D4FD366BAC}.Release|Any CPU.ActiveCfg = Release|Any CPU
		{BE95F3B0-D987-4352-A50F-56D4FD366BAC}.Release|Any CPU.Build.0 = Release|Any CPU
		{BE95F3B0-D987-4352-A50F-56D4FD366BAC}.Release|x64.ActiveCfg = Release|Any CPU
		{BE95F3B0-D987-4352-A50F-56D4FD366BAC}.Release|x64.Build.0 = Release|Any CPU
		{BE95F3B0-D987-4352-A50F-56D4FD366BAC}.Release|x86.ActiveCfg = Release|Any CPU
		{BE95F3B0-D987-4352-A50F-56D4FD366BAC}.Release|x86.Build.0 = Release|Any CPU
	EndGlobalSection
	GlobalSection(SolutionProperties) = preSolution
		HideSolutionNode = FALSE
	EndGlobalSection
	GlobalSection(NestedProjects) = preSolution
		{957F870C-9F9A-47DF-92C8-0343A5A4373C} = {0AB3BF05-4346-4AA6-1389-037BE0695223}
		{982FAA1E-6CC6-4F4F-A51E-71A8B42C4DF2} = {0AB3BF05-4346-4AA6-1389-037BE0695223}
		{7C84F8CE-16F3-4844-B7A5-2876E0E9314E} = {0AB3BF05-4346-4AA6-1389-037BE0695223}
		{BE95F3B0-D987-4352-A50F-56D4FD366BAC} = {0AB3BF05-4346-4AA6-1389-037BE0695223}
	EndGlobalSection
	GlobalSection(ExtensibilityGlobals) = postSolution
		SolutionGuid = {C48114A8-584E-4295-8645-507BAF77C785}
	EndGlobalSection
EndGlobal
